// !$*UTF8*$!
{
	archiveVersion = 1;
	classes = {
	};
	objectVersion = 56;
	objects = {

/* Begin PBXBuildFile section */
		654E48E52BE04B8900604945 /* Tailor_Your_TalesApp.swift in Sources */ = {isa = PBXBuildFile; fileRef = 654E48E42BE04B8900604945 /* Tailor_Your_TalesApp.swift */; };
		654E48E72BE04B8900604945 /* Login.swift in Sources */ = {isa = PBXBuildFile; fileRef = 654E48E62BE04B8900604945 /* Login.swift */; };
		654E48E92BE04B8C00604945 /* Assets.xcassets in Resources */ = {isa = PBXBuildFile; fileRef = 654E48E82BE04B8C00604945 /* Assets.xcassets */; };
		654E48EC2BE04B8C00604945 /* Preview Assets.xcassets in Resources */ = {isa = PBXBuildFile; fileRef = 654E48EB2BE04B8C00604945 /* Preview Assets.xcassets */; };
		654E48F62BE04B8C00604945 /* Tailor_Your_TalesTests.swift in Sources */ = {isa = PBXBuildFile; fileRef = 654E48F52BE04B8C00604945 /* Tailor_Your_TalesTests.swift */; };
		654E49002BE04B8C00604945 /* Tailor_Your_TalesUITests.swift in Sources */ = {isa = PBXBuildFile; fileRef = 654E48FF2BE04B8C00604945 /* Tailor_Your_TalesUITests.swift */; };
		654E49022BE04B8C00604945 /* Tailor_Your_TalesUITestsLaunchTests.swift in Sources */ = {isa = PBXBuildFile; fileRef = 654E49012BE04B8C00604945 /* Tailor_Your_TalesUITestsLaunchTests.swift */; };
		654E49142BE8924200604945 /* StoryRow.swift in Sources */ = {isa = PBXBuildFile; fileRef = 654E49132BE8924200604945 /* StoryRow.swift */; };
		654E49162BE892C400604945 /* Character.swift in Sources */ = {isa = PBXBuildFile; fileRef = 654E49152BE892C400604945 /* Character.swift */; };
		654E49182BE8A1CF00604945 /* FavoriteButton.swift in Sources */ = {isa = PBXBuildFile; fileRef = 654E49172BE8A1CF00604945 /* FavoriteButton.swift */; };
		654E491D2BE8B41000604945 /* CharacterEdit.swift in Sources */ = {isa = PBXBuildFile; fileRef = 654E491C2BE8B41000604945 /* CharacterEdit.swift */; };
		654E491F2BE8CDB000604945 /* CharacterView.swift in Sources */ = {isa = PBXBuildFile; fileRef = 654E491E2BE8CDB000604945 /* CharacterView.swift */; };
		654E49212BE8D8F300604945 /* Settings.swift in Sources */ = {isa = PBXBuildFile; fileRef = 654E49202BE8D8F300604945 /* Settings.swift */; };
		654E49232BE8F3B900604945 /* AppEntry.swift in Sources */ = {isa = PBXBuildFile; fileRef = 654E49222BE8F3B900604945 /* AppEntry.swift */; };
		654E49252BE8F8FD00604945 /* AgeVerifier.swift in Sources */ = {isa = PBXBuildFile; fileRef = 654E49242BE8F8FD00604945 /* AgeVerifier.swift */; };
		654E49272BE9EFDE00604945 /* Story.swift in Sources */ = {isa = PBXBuildFile; fileRef = 654E49262BE9EFDE00604945 /* Story.swift */; };
		654E49292BE9F0EB00604945 /* StoryView.swift in Sources */ = {isa = PBXBuildFile; fileRef = 654E49282BE9F0EB00604945 /* StoryView.swift */; };
		654E492C2BE9F5D900604945 /* Next Week.swift in Sources */ = {isa = PBXBuildFile; fileRef = 654E492B2BE9F5D900604945 /* Next Week.swift */; };
		654E492E2BEA17BB00604945 /* Sam's Treasures.swift in Sources */ = {isa = PBXBuildFile; fileRef = 654E492D2BEA17BB00604945 /* Sam's Treasures.swift */; };
		654E49302BEA22CF00604945 /* StoryList.swift in Sources */ = {isa = PBXBuildFile; fileRef = 654E492F2BEA22CE00604945 /* StoryList.swift */; };
		654E49322BEAF42B00604945 /* Multiple Choices.swift in Sources */ = {isa = PBXBuildFile; fileRef = 654E49312BEAF42B00604945 /* Multiple Choices.swift */; };
/* End PBXBuildFile section */

/* Begin PBXContainerItemProxy section */
		654E48F22BE04B8C00604945 /* PBXContainerItemProxy */ = {
			isa = PBXContainerItemProxy;
			containerPortal = 654E48D92BE04B8900604945 /* Project object */;
			proxyType = 1;
			remoteGlobalIDString = 654E48E02BE04B8900604945;
			remoteInfo = "Tailor Your Tales";
		};
		654E48FC2BE04B8C00604945 /* PBXContainerItemProxy */ = {
			isa = PBXContainerItemProxy;
			containerPortal = 654E48D92BE04B8900604945 /* Project object */;
			proxyType = 1;
			remoteGlobalIDString = 654E48E02BE04B8900604945;
			remoteInfo = "Tailor Your Tales";
		};
/* End PBXContainerItemProxy section */

/* Begin PBXFileReference section */
		654E48E12BE04B8900604945 /* Tailor Your Tales.app */ = {isa = PBXFileReference; explicitFileType = wrapper.application; includeInIndex = 0; path = "Tailor Your Tales.app"; sourceTree = BUILT_PRODUCTS_DIR; };
		654E48E42BE04B8900604945 /* Tailor_Your_TalesApp.swift */ = {isa = PBXFileReference; lastKnownFileType = sourcecode.swift; path = Tailor_Your_TalesApp.swift; sourceTree = "<group>"; };
		654E48E62BE04B8900604945 /* Login.swift */ = {isa = PBXFileReference; lastKnownFileType = sourcecode.swift; path = Login.swift; sourceTree = "<group>"; };
		654E48E82BE04B8C00604945 /* Assets.xcassets */ = {isa = PBXFileReference; lastKnownFileType = folder.assetcatalog; path = Assets.xcassets; sourceTree = "<group>"; };
		654E48EB2BE04B8C00604945 /* Preview Assets.xcassets */ = {isa = PBXFileReference; lastKnownFileType = folder.assetcatalog; path = "Preview Assets.xcassets"; sourceTree = "<group>"; };
		654E48F12BE04B8C00604945 /* Tailor Your TalesTests.xctest */ = {isa = PBXFileReference; explicitFileType = wrapper.cfbundle; includeInIndex = 0; path = "Tailor Your TalesTests.xctest"; sourceTree = BUILT_PRODUCTS_DIR; };
		654E48F52BE04B8C00604945 /* Tailor_Your_TalesTests.swift */ = {isa = PBXFileReference; lastKnownFileType = sourcecode.swift; path = Tailor_Your_TalesTests.swift; sourceTree = "<group>"; };
		654E48FB2BE04B8C00604945 /* Tailor Your TalesUITests.xctest */ = {isa = PBXFileReference; explicitFileType = wrapper.cfbundle; includeInIndex = 0; path = "Tailor Your TalesUITests.xctest"; sourceTree = BUILT_PRODUCTS_DIR; };
		654E48FF2BE04B8C00604945 /* Tailor_Your_TalesUITests.swift */ = {isa = PBXFileReference; lastKnownFileType = sourcecode.swift; path = Tailor_Your_TalesUITests.swift; sourceTree = "<group>"; };
		654E49012BE04B8C00604945 /* Tailor_Your_TalesUITestsLaunchTests.swift */ = {isa = PBXFileReference; lastKnownFileType = sourcecode.swift; path = Tailor_Your_TalesUITestsLaunchTests.swift; sourceTree = "<group>"; };
		654E49132BE8924200604945 /* StoryRow.swift */ = {isa = PBXFileReference; lastKnownFileType = sourcecode.swift; path = StoryRow.swift; sourceTree = "<group>"; };
		654E49152BE892C400604945 /* Character.swift */ = {isa = PBXFileReference; lastKnownFileType = sourcecode.swift; path = Character.swift; sourceTree = "<group>"; };
		654E49172BE8A1CF00604945 /* FavoriteButton.swift */ = {isa = PBXFileReference; lastKnownFileType = sourcecode.swift; path = FavoriteButton.swift; sourceTree = "<group>"; };
		654E491C2BE8B41000604945 /* CharacterEdit.swift */ = {isa = PBXFileReference; lastKnownFileType = sourcecode.swift; path = CharacterEdit.swift; sourceTree = "<group>"; };
		654E491E2BE8CDB000604945 /* CharacterView.swift */ = {isa = PBXFileReference; lastKnownFileType = sourcecode.swift; path = CharacterView.swift; sourceTree = "<group>"; };
		654E49202BE8D8F300604945 /* Settings.swift */ = {isa = PBXFileReference; lastKnownFileType = sourcecode.swift; path = Settings.swift; sourceTree = "<group>"; };
		654E49222BE8F3B900604945 /* AppEntry.swift */ = {isa = PBXFileReference; lastKnownFileType = sourcecode.swift; path = AppEntry.swift; sourceTree = "<group>"; };
		654E49242BE8F8FD00604945 /* AgeVerifier.swift */ = {isa = PBXFileReference; lastKnownFileType = sourcecode.swift; path = AgeVerifier.swift; sourceTree = "<group>"; };
		654E49262BE9EFDE00604945 /* Story.swift */ = {isa = PBXFileReference; lastKnownFileType = sourcecode.swift; path = Story.swift; sourceTree = "<group>"; };
		654E49282BE9F0EB00604945 /* StoryView.swift */ = {isa = PBXFileReference; lastKnownFileType = sourcecode.swift; path = StoryView.swift; sourceTree = "<group>"; };
		654E492B2BE9F5D900604945 /* Next Week.swift */ = {isa = PBXFileReference; lastKnownFileType = sourcecode.swift; path = "Next Week.swift"; sourceTree = "<group>"; };
		654E492D2BEA17BB00604945 /* Sam's Treasures.swift */ = {isa = PBXFileReference; lastKnownFileType = sourcecode.swift; path = "Sam's Treasures.swift"; sourceTree = "<group>"; };
		654E492F2BEA22CE00604945 /* StoryList.swift */ = {isa = PBXFileReference; lastKnownFileType = sourcecode.swift; path = StoryList.swift; sourceTree = "<group>"; };
		654E49312BEAF42B00604945 /* Multiple Choices.swift */ = {isa = PBXFileReference; lastKnownFileType = sourcecode.swift; path = "Multiple Choices.swift"; sourceTree = "<group>"; };
/* End PBXFileReference section */

/* Begin PBXFrameworksBuildPhase section */
		654E48DE2BE04B8900604945 /* Frameworks */ = {
			isa = PBXFrameworksBuildPhase;
			buildActionMask = 2147483647;
			files = (
			);
			runOnlyForDeploymentPostprocessing = 0;
		};
		654E48EE2BE04B8C00604945 /* Frameworks */ = {
			isa = PBXFrameworksBuildPhase;
			buildActionMask = 2147483647;
			files = (
			);
			runOnlyForDeploymentPostprocessing = 0;
		};
		654E48F82BE04B8C00604945 /* Frameworks */ = {
			isa = PBXFrameworksBuildPhase;
			buildActionMask = 2147483647;
			files = (
			);
			runOnlyForDeploymentPostprocessing = 0;
		};
/* End PBXFrameworksBuildPhase section */

/* Begin PBXGroup section */
		654E48D82BE04B8900604945 = {
			isa = PBXGroup;
			children = (
				654E48E32BE04B8900604945 /* Tailor Your Tales */,
				654E48F42BE04B8C00604945 /* Tailor Your TalesTests */,
				654E48FE2BE04B8C00604945 /* Tailor Your TalesUITests */,
				654E48E22BE04B8900604945 /* Products */,
			);
			sourceTree = "<group>";
		};
		654E48E22BE04B8900604945 /* Products */ = {
			isa = PBXGroup;
			children = (
				654E48E12BE04B8900604945 /* Tailor Your Tales.app */,
				654E48F12BE04B8C00604945 /* Tailor Your TalesTests.xctest */,
				654E48FB2BE04B8C00604945 /* Tailor Your TalesUITests.xctest */,
			);
			name = Products;
			sourceTree = "<group>";
		};
		654E48E32BE04B8900604945 /* Tailor Your Tales */ = {
			isa = PBXGroup;
			children = (
				654E492A2BE9F5BC00604945 /* Stories */,
				654E48E42BE04B8900604945 /* Tailor_Your_TalesApp.swift */,
				654E49112BE891A200604945 /* Model */,
				654E49122BE891B100604945 /* Views */,
				654E48E82BE04B8C00604945 /* Assets.xcassets */,
				654E48EA2BE04B8C00604945 /* Preview Content */,
			);
			path = "Tailor Your Tales";
			sourceTree = "<group>";
		};
		654E48EA2BE04B8C00604945 /* Preview Content */ = {
			isa = PBXGroup;
			children = (
				654E48EB2BE04B8C00604945 /* Preview Assets.xcassets */,
			);
			path = "Preview Content";
			sourceTree = "<group>";
		};
		654E48F42BE04B8C00604945 /* Tailor Your TalesTests */ = {
			isa = PBXGroup;
			children = (
				654E48F52BE04B8C00604945 /* Tailor_Your_TalesTests.swift */,
			);
			path = "Tailor Your TalesTests";
			sourceTree = "<group>";
		};
		654E48FE2BE04B8C00604945 /* Tailor Your TalesUITests */ = {
			isa = PBXGroup;
			children = (
				654E48FF2BE04B8C00604945 /* Tailor_Your_TalesUITests.swift */,
				654E49012BE04B8C00604945 /* Tailor_Your_TalesUITestsLaunchTests.swift */,
			);
			path = "Tailor Your TalesUITests";
			sourceTree = "<group>";
		};
		654E49112BE891A200604945 /* Model */ = {
			isa = PBXGroup;
			children = (
				654E49262BE9EFDE00604945 /* Story.swift */,
				654E49152BE892C400604945 /* Character.swift */,
			);
			path = Model;
			sourceTree = "<group>";
		};
		654E49122BE891B100604945 /* Views */ = {
			isa = PBXGroup;
			children = (
				654E48E62BE04B8900604945 /* Login.swift */,
				654E49192BE8A26600604945 /* Helper */,
				654E491C2BE8B41000604945 /* CharacterEdit.swift */,
				654E491E2BE8CDB000604945 /* CharacterView.swift */,
				654E49202BE8D8F300604945 /* Settings.swift */,
				654E49222BE8F3B900604945 /* AppEntry.swift */,
				654E49242BE8F8FD00604945 /* AgeVerifier.swift */,
				654E49282BE9F0EB00604945 /* StoryView.swift */,
				654E492F2BEA22CE00604945 /* StoryList.swift */,
			);
			path = Views;
			sourceTree = "<group>";
		};
		654E49192BE8A26600604945 /* Helper */ = {
			isa = PBXGroup;
			children = (
				654E49132BE8924200604945 /* StoryRow.swift */,
				654E49172BE8A1CF00604945 /* FavoriteButton.swift */,
			);
			path = Helper;
			sourceTree = "<group>";
		};
		654E492A2BE9F5BC00604945 /* Stories */ = {
			isa = PBXGroup;
			children = (
				654E492B2BE9F5D900604945 /* Next Week.swift */,
				654E492D2BEA17BB00604945 /* Sam's Treasures.swift */,
				654E49312BEAF42B00604945 /* Multiple Choices.swift */,
			);
			path = Stories;
			sourceTree = "<group>";
		};
/* End PBXGroup section */

/* Begin PBXNativeTarget section */
		654E48E02BE04B8900604945 /* Tailor Your Tales */ = {
			isa = PBXNativeTarget;
			buildConfigurationList = 654E49052BE04B8C00604945 /* Build configuration list for PBXNativeTarget "Tailor Your Tales" */;
			buildPhases = (
				654E48DD2BE04B8900604945 /* Sources */,
				654E48DE2BE04B8900604945 /* Frameworks */,
				654E48DF2BE04B8900604945 /* Resources */,
			);
			buildRules = (
			);
			dependencies = (
			);
			name = "Tailor Your Tales";
			productName = "Tailor Your Tales";
			productReference = 654E48E12BE04B8900604945 /* Tailor Your Tales.app */;
			productType = "com.apple.product-type.application";
		};
		654E48F02BE04B8C00604945 /* Tailor Your TalesTests */ = {
			isa = PBXNativeTarget;
			buildConfigurationList = 654E49082BE04B8C00604945 /* Build configuration list for PBXNativeTarget "Tailor Your TalesTests" */;
			buildPhases = (
				654E48ED2BE04B8C00604945 /* Sources */,
				654E48EE2BE04B8C00604945 /* Frameworks */,
				654E48EF2BE04B8C00604945 /* Resources */,
			);
			buildRules = (
			);
			dependencies = (
				654E48F32BE04B8C00604945 /* PBXTargetDependency */,
			);
			name = "Tailor Your TalesTests";
			productName = "Tailor Your TalesTests";
			productReference = 654E48F12BE04B8C00604945 /* Tailor Your TalesTests.xctest */;
			productType = "com.apple.product-type.bundle.unit-test";
		};
		654E48FA2BE04B8C00604945 /* Tailor Your TalesUITests */ = {
			isa = PBXNativeTarget;
			buildConfigurationList = 654E490B2BE04B8C00604945 /* Build configuration list for PBXNativeTarget "Tailor Your TalesUITests" */;
			buildPhases = (
				654E48F72BE04B8C00604945 /* Sources */,
				654E48F82BE04B8C00604945 /* Frameworks */,
				654E48F92BE04B8C00604945 /* Resources */,
			);
			buildRules = (
			);
			dependencies = (
				654E48FD2BE04B8C00604945 /* PBXTargetDependency */,
			);
			name = "Tailor Your TalesUITests";
			productName = "Tailor Your TalesUITests";
			productReference = 654E48FB2BE04B8C00604945 /* Tailor Your TalesUITests.xctest */;
			productType = "com.apple.product-type.bundle.ui-testing";
		};
/* End PBXNativeTarget section */

/* Begin PBXProject section */
		654E48D92BE04B8900604945 /* Project object */ = {
			isa = PBXProject;
			attributes = {
				BuildIndependentTargetsInParallel = 1;
				LastSwiftUpdateCheck = 1500;
				LastUpgradeCheck = 1500;
				TargetAttributes = {
					654E48E02BE04B8900604945 = {
						CreatedOnToolsVersion = 15.0.1;
					};
					654E48F02BE04B8C00604945 = {
						CreatedOnToolsVersion = 15.0.1;
						TestTargetID = 654E48E02BE04B8900604945;
					};
					654E48FA2BE04B8C00604945 = {
						CreatedOnToolsVersion = 15.0.1;
						TestTargetID = 654E48E02BE04B8900604945;
					};
				};
			};
			buildConfigurationList = 654E48DC2BE04B8900604945 /* Build configuration list for PBXProject "Tailor Your Tales" */;
			compatibilityVersion = "Xcode 14.0";
			developmentRegion = en;
			hasScannedForEncodings = 0;
			knownRegions = (
				en,
				Base,
			);
			mainGroup = 654E48D82BE04B8900604945;
			productRefGroup = 654E48E22BE04B8900604945 /* Products */;
			projectDirPath = "";
			projectRoot = "";
			targets = (
				654E48E02BE04B8900604945 /* Tailor Your Tales */,
				654E48F02BE04B8C00604945 /* Tailor Your TalesTests */,
				654E48FA2BE04B8C00604945 /* Tailor Your TalesUITests */,
			);
		};
/* End PBXProject section */

/* Begin PBXResourcesBuildPhase section */
		654E48DF2BE04B8900604945 /* Resources */ = {
			isa = PBXResourcesBuildPhase;
			buildActionMask = 2147483647;
			files = (
				654E48EC2BE04B8C00604945 /* Preview Assets.xcassets in Resources */,
				654E48E92BE04B8C00604945 /* Assets.xcassets in Resources */,
			);
			runOnlyForDeploymentPostprocessing = 0;
		};
		654E48EF2BE04B8C00604945 /* Resources */ = {
			isa = PBXResourcesBuildPhase;
			buildActionMask = 2147483647;
			files = (
			);
			runOnlyForDeploymentPostprocessing = 0;
		};
		654E48F92BE04B8C00604945 /* Resources */ = {
			isa = PBXResourcesBuildPhase;
			buildActionMask = 2147483647;
			files = (
			);
			runOnlyForDeploymentPostprocessing = 0;
		};
/* End PBXResourcesBuildPhase section */

/* Begin PBXSourcesBuildPhase section */
		654E48DD2BE04B8900604945 /* Sources */ = {
			isa = PBXSourcesBuildPhase;
			buildActionMask = 2147483647;
			files = (
				654E48E72BE04B8900604945 /* Login.swift in Sources */,
				654E492E2BEA17BB00604945 /* Sam's Treasures.swift in Sources */,
				654E49142BE8924200604945 /* StoryRow.swift in Sources */,
				654E49232BE8F3B900604945 /* AppEntry.swift in Sources */,
				654E48E52BE04B8900604945 /* Tailor_Your_TalesApp.swift in Sources */,
				654E491D2BE8B41000604945 /* CharacterEdit.swift in Sources */,
				654E49182BE8A1CF00604945 /* FavoriteButton.swift in Sources */,
				654E492C2BE9F5D900604945 /* Next Week.swift in Sources */,
				654E49292BE9F0EB00604945 /* StoryView.swift in Sources */,
				654E49302BEA22CF00604945 /* StoryList.swift in Sources */,
				654E49212BE8D8F300604945 /* Settings.swift in Sources */,
				654E49322BEAF42B00604945 /* Multiple Choices.swift in Sources */,
				654E49252BE8F8FD00604945 /* AgeVerifier.swift in Sources */,
				654E491F2BE8CDB000604945 /* CharacterView.swift in Sources */,
				654E49162BE892C400604945 /* Character.swift in Sources */,
				654E49272BE9EFDE00604945 /* Story.swift in Sources */,
			);
			runOnlyForDeploymentPostprocessing = 0;
		};
		654E48ED2BE04B8C00604945 /* Sources */ = {
			isa = PBXSourcesBuildPhase;
			buildActionMask = 2147483647;
			files = (
				654E48F62BE04B8C00604945 /* Tailor_Your_TalesTests.swift in Sources */,
			);
			runOnlyForDeploymentPostprocessing = 0;
		};
		654E48F72BE04B8C00604945 /* Sources */ = {
			isa = PBXSourcesBuildPhase;
			buildActionMask = 2147483647;
			files = (
				654E49022BE04B8C00604945 /* Tailor_Your_TalesUITestsLaunchTests.swift in Sources */,
				654E49002BE04B8C00604945 /* Tailor_Your_TalesUITests.swift in Sources */,
			);
			runOnlyForDeploymentPostprocessing = 0;
		};
/* End PBXSourcesBuildPhase section */

/* Begin PBXTargetDependency section */
		654E48F32BE04B8C00604945 /* PBXTargetDependency */ = {
			isa = PBXTargetDependency;
			target = 654E48E02BE04B8900604945 /* Tailor Your Tales */;
			targetProxy = 654E48F22BE04B8C00604945 /* PBXContainerItemProxy */;
		};
		654E48FD2BE04B8C00604945 /* PBXTargetDependency */ = {
			isa = PBXTargetDependency;
			target = 654E48E02BE04B8900604945 /* Tailor Your Tales */;
			targetProxy = 654E48FC2BE04B8C00604945 /* PBXContainerItemProxy */;
		};
/* End PBXTargetDependency section */

/* Begin XCBuildConfiguration section */
		654E49032BE04B8C00604945 /* Debug */ = {
			isa = XCBuildConfiguration;
			buildSettings = {
				ALWAYS_SEARCH_USER_PATHS = NO;
				ASSETCATALOG_COMPILER_GENERATE_SWIFT_ASSET_SYMBOL_EXTENSIONS = YES;
				CLANG_ANALYZER_NONNULL = YES;
				CLANG_ANALYZER_NUMBER_OBJECT_CONVERSION = YES_AGGRESSIVE;
				CLANG_CXX_LANGUAGE_STANDARD = "gnu++20";
				CLANG_ENABLE_MODULES = YES;
				CLANG_ENABLE_OBJC_ARC = YES;
				CLANG_ENABLE_OBJC_WEAK = YES;
				CLANG_WARN_BLOCK_CAPTURE_AUTORELEASING = YES;
				CLANG_WARN_BOOL_CONVERSION = YES;
				CLANG_WARN_COMMA = YES;
				CLANG_WARN_CONSTANT_CONVERSION = YES;
				CLANG_WARN_DEPRECATED_OBJC_IMPLEMENTATIONS = YES;
				CLANG_WARN_DIRECT_OBJC_ISA_USAGE = YES_ERROR;
				CLANG_WARN_DOCUMENTATION_COMMENTS = YES;
				CLANG_WARN_EMPTY_BODY = YES;
				CLANG_WARN_ENUM_CONVERSION = YES;
				CLANG_WARN_INFINITE_RECURSION = YES;
				CLANG_WARN_INT_CONVERSION = YES;
				CLANG_WARN_NON_LITERAL_NULL_CONVERSION = YES;
				CLANG_WARN_OBJC_IMPLICIT_RETAIN_SELF = YES;
				CLANG_WARN_OBJC_LITERAL_CONVERSION = YES;
				CLANG_WARN_OBJC_ROOT_CLASS = YES_ERROR;
				CLANG_WARN_QUOTED_INCLUDE_IN_FRAMEWORK_HEADER = YES;
				CLANG_WARN_RANGE_LOOP_ANALYSIS = YES;
				CLANG_WARN_STRICT_PROTOTYPES = YES;
				CLANG_WARN_SUSPICIOUS_MOVE = YES;
				CLANG_WARN_UNGUARDED_AVAILABILITY = YES_AGGRESSIVE;
				CLANG_WARN_UNREACHABLE_CODE = YES;
				CLANG_WARN__DUPLICATE_METHOD_MATCH = YES;
				COPY_PHASE_STRIP = NO;
				DEBUG_INFORMATION_FORMAT = dwarf;
				ENABLE_STRICT_OBJC_MSGSEND = YES;
				ENABLE_TESTABILITY = YES;
				ENABLE_USER_SCRIPT_SANDBOXING = YES;
				GCC_C_LANGUAGE_STANDARD = gnu17;
				GCC_DYNAMIC_NO_PIC = NO;
				GCC_NO_COMMON_BLOCKS = YES;
				GCC_OPTIMIZATION_LEVEL = 0;
				GCC_PREPROCESSOR_DEFINITIONS = (
					"DEBUG=1",
					"$(inherited)",
				);
				GCC_WARN_64_TO_32_BIT_CONVERSION = YES;
				GCC_WARN_ABOUT_RETURN_TYPE = YES_ERROR;
				GCC_WARN_UNDECLARED_SELECTOR = YES;
				GCC_WARN_UNINITIALIZED_AUTOS = YES_AGGRESSIVE;
				GCC_WARN_UNUSED_FUNCTION = YES;
				GCC_WARN_UNUSED_VARIABLE = YES;
				IPHONEOS_DEPLOYMENT_TARGET = 17.0;
				LOCALIZATION_PREFERS_STRING_CATALOGS = YES;
				MTL_ENABLE_DEBUG_INFO = INCLUDE_SOURCE;
				MTL_FAST_MATH = YES;
				ONLY_ACTIVE_ARCH = YES;
				SDKROOT = iphoneos;
				SWIFT_ACTIVE_COMPILATION_CONDITIONS = "DEBUG $(inherited)";
				SWIFT_OPTIMIZATION_LEVEL = "-Onone";
			};
			name = Debug;
		};
		654E49042BE04B8C00604945 /* Release */ = {
			isa = XCBuildConfiguration;
			buildSettings = {
				ALWAYS_SEARCH_USER_PATHS = NO;
				ASSETCATALOG_COMPILER_GENERATE_SWIFT_ASSET_SYMBOL_EXTENSIONS = YES;
				CLANG_ANALYZER_NONNULL = YES;
				CLANG_ANALYZER_NUMBER_OBJECT_CONVERSION = YES_AGGRESSIVE;
				CLANG_CXX_LANGUAGE_STANDARD = "gnu++20";
				CLANG_ENABLE_MODULES = YES;
				CLANG_ENABLE_OBJC_ARC = YES;
				CLANG_ENABLE_OBJC_WEAK = YES;
				CLANG_WARN_BLOCK_CAPTURE_AUTORELEASING = YES;
				CLANG_WARN_BOOL_CONVERSION = YES;
				CLANG_WARN_COMMA = YES;
				CLANG_WARN_CONSTANT_CONVERSION = YES;
				CLANG_WARN_DEPRECATED_OBJC_IMPLEMENTATIONS = YES;
				CLANG_WARN_DIRECT_OBJC_ISA_USAGE = YES_ERROR;
				CLANG_WARN_DOCUMENTATION_COMMENTS = YES;
				CLANG_WARN_EMPTY_BODY = YES;
				CLANG_WARN_ENUM_CONVERSION = YES;
				CLANG_WARN_INFINITE_RECURSION = YES;
				CLANG_WARN_INT_CONVERSION = YES;
				CLANG_WARN_NON_LITERAL_NULL_CONVERSION = YES;
				CLANG_WARN_OBJC_IMPLICIT_RETAIN_SELF = YES;
				CLANG_WARN_OBJC_LITERAL_CONVERSION = YES;
				CLANG_WARN_OBJC_ROOT_CLASS = YES_ERROR;
				CLANG_WARN_QUOTED_INCLUDE_IN_FRAMEWORK_HEADER = YES;
				CLANG_WARN_RANGE_LOOP_ANALYSIS = YES;
				CLANG_WARN_STRICT_PROTOTYPES = YES;
				CLANG_WARN_SUSPICIOUS_MOVE = YES;
				CLANG_WARN_UNGUARDED_AVAILABILITY = YES_AGGRESSIVE;
				CLANG_WARN_UNREACHABLE_CODE = YES;
				CLANG_WARN__DUPLICATE_METHOD_MATCH = YES;
				COPY_PHASE_STRIP = NO;
				DEBUG_INFORMATION_FORMAT = "dwarf-with-dsym";
				ENABLE_NS_ASSERTIONS = NO;
				ENABLE_STRICT_OBJC_MSGSEND = YES;
				ENABLE_USER_SCRIPT_SANDBOXING = YES;
				GCC_C_LANGUAGE_STANDARD = gnu17;
				GCC_NO_COMMON_BLOCKS = YES;
				GCC_WARN_64_TO_32_BIT_CONVERSION = YES;
				GCC_WARN_ABOUT_RETURN_TYPE = YES_ERROR;
				GCC_WARN_UNDECLARED_SELECTOR = YES;
				GCC_WARN_UNINITIALIZED_AUTOS = YES_AGGRESSIVE;
				GCC_WARN_UNUSED_FUNCTION = YES;
				GCC_WARN_UNUSED_VARIABLE = YES;
				IPHONEOS_DEPLOYMENT_TARGET = 17.0;
				LOCALIZATION_PREFERS_STRING_CATALOGS = YES;
				MTL_ENABLE_DEBUG_INFO = NO;
				MTL_FAST_MATH = YES;
				SDKROOT = iphoneos;
				SWIFT_COMPILATION_MODE = wholemodule;
				VALIDATE_PRODUCT = YES;
			};
			name = Release;
		};
		654E49062BE04B8C00604945 /* Debug */ = {
			isa = XCBuildConfiguration;
			buildSettings = {
				ASSETCATALOG_COMPILER_APPICON_NAME = AppIcon;
				ASSETCATALOG_COMPILER_GLOBAL_ACCENT_COLOR_NAME = AccentColor;
				CODE_SIGN_STYLE = Automatic;
				CURRENT_PROJECT_VERSION = 1;
				DEVELOPMENT_ASSET_PATHS = "\"Tailor Your Tales/Preview Content\"";
				ENABLE_PREVIEWS = YES;
				GENERATE_INFOPLIST_FILE = YES;
				INFOPLIST_KEY_UIApplicationSceneManifest_Generation = YES;
				INFOPLIST_KEY_UIApplicationSupportsIndirectInputEvents = YES;
				INFOPLIST_KEY_UILaunchScreen_Generation = YES;
				INFOPLIST_KEY_UISupportedInterfaceOrientations = UIInterfaceOrientationLandscapeRight;
				LD_RUNPATH_SEARCH_PATHS = (
					"$(inherited)",
					"@executable_path/Frameworks",
				);
				MARKETING_VERSION = 1.0;
				PRODUCT_BUNDLE_IDENTIFIER = "WWU.Tailor-Your-Tales";
				PRODUCT_NAME = "$(TARGET_NAME)";
				SWIFT_EMIT_LOC_STRINGS = YES;
				SWIFT_VERSION = 5.0;
				TARGETED_DEVICE_FAMILY = "1,2";
			};
			name = Debug;
		};
		654E49072BE04B8C00604945 /* Release */ = {
			isa = XCBuildConfiguration;
			buildSettings = {
				ASSETCATALOG_COMPILER_APPICON_NAME = AppIcon;
				ASSETCATALOG_COMPILER_GLOBAL_ACCENT_COLOR_NAME = AccentColor;
				CODE_SIGN_STYLE = Automatic;
				CURRENT_PROJECT_VERSION = 1;
				DEVELOPMENT_ASSET_PATHS = "\"Tailor Your Tales/Preview Content\"";
				ENABLE_PREVIEWS = YES;
				GENERATE_INFOPLIST_FILE = YES;
				INFOPLIST_KEY_UIApplicationSceneManifest_Generation = YES;
				INFOPLIST_KEY_UIApplicationSupportsIndirectInputEvents = YES;
				INFOPLIST_KEY_UILaunchScreen_Generation = YES;
				INFOPLIST_KEY_UISupportedInterfaceOrientations = UIInterfaceOrientationLandscapeRight;
				LD_RUNPATH_SEARCH_PATHS = (
					"$(inherited)",
					"@executable_path/Frameworks",
				);
				MARKETING_VERSION = 1.0;
				PRODUCT_BUNDLE_IDENTIFIER = "WWU.Tailor-Your-Tales";
				PRODUCT_NAME = "$(TARGET_NAME)";
				SWIFT_EMIT_LOC_STRINGS = YES;
				SWIFT_VERSION = 5.0;
				TARGETED_DEVICE_FAMILY = "1,2";
			};
			name = Release;
		};
		654E49092BE04B8C00604945 /* Debug */ = {
			isa = XCBuildConfiguration;
			buildSettings = {
				ALWAYS_EMBED_SWIFT_STANDARD_LIBRARIES = YES;
				BUNDLE_LOADER = "$(TEST_HOST)";
				CODE_SIGN_STYLE = Automatic;
				CURRENT_PROJECT_VERSION = 1;
				GENERATE_INFOPLIST_FILE = YES;
				IPHONEOS_DEPLOYMENT_TARGET = 17.0;
				MARKETING_VERSION = 1.0;
				PRODUCT_BUNDLE_IDENTIFIER = "WWU.Tailor-Your-TalesTests";
				PRODUCT_NAME = "$(TARGET_NAME)";
				SWIFT_EMIT_LOC_STRINGS = NO;
				SWIFT_VERSION = 5.0;
				TARGETED_DEVICE_FAMILY = "1,2";
				TEST_HOST = "$(BUILT_PRODUCTS_DIR)/Tailor Your Tales.app/$(BUNDLE_EXECUTABLE_FOLDER_PATH)/Tailor Your Tales";
			};
			name = Debug;
		};
		654E490A2BE04B8C00604945 /* Release */ = {
			isa = XCBuildConfiguration;
			buildSettings = {
				ALWAYS_EMBED_SWIFT_STANDARD_LIBRARIES = YES;
				BUNDLE_LOADER = "$(TEST_HOST)";
				CODE_SIGN_STYLE = Automatic;
				CURRENT_PROJECT_VERSION = 1;
				GENERATE_INFOPLIST_FILE = YES;
				IPHONEOS_DEPLOYMENT_TARGET = 17.0;
				MARKETING_VERSION = 1.0;
				PRODUCT_BUNDLE_IDENTIFIER = "WWU.Tailor-Your-TalesTests";
				PRODUCT_NAME = "$(TARGET_NAME)";
				SWIFT_EMIT_LOC_STRINGS = NO;
				SWIFT_VERSION = 5.0;
				TARGETED_DEVICE_FAMILY = "1,2";
				TEST_HOST = "$(BUILT_PRODUCTS_DIR)/Tailor Your Tales.app/$(BUNDLE_EXECUTABLE_FOLDER_PATH)/Tailor Your Tales";
			};
			name = Release;
		};
		654E490C2BE04B8C00604945 /* Debug */ = {
			isa = XCBuildConfiguration;
			buildSettings = {
				ALWAYS_EMBED_SWIFT_STANDARD_LIBRARIES = YES;
				CODE_SIGN_STYLE = Automatic;
				CURRENT_PROJECT_VERSION = 1;
				GENERATE_INFOPLIST_FILE = YES;
				MARKETING_VERSION = 1.0;
				PRODUCT_BUNDLE_IDENTIFIER = "WWU.Tailor-Your-TalesUITests";
				PRODUCT_NAME = "$(TARGET_NAME)";
				SWIFT_EMIT_LOC_STRINGS = NO;
				SWIFT_VERSION = 5.0;
				TARGETED_DEVICE_FAMILY = "1,2";
				TEST_TARGET_NAME = "Tailor Your Tales";
			};
			name = Debug;
		};
		654E490D2BE04B8C00604945 /* Release */ = {
			isa = XCBuildConfiguration;
			buildSettings = {
				ALWAYS_EMBED_SWIFT_STANDARD_LIBRARIES = YES;
				CODE_SIGN_STYLE = Automatic;
				CURRENT_PROJECT_VERSION = 1;
				GENERATE_INFOPLIST_FILE = YES;
				MARKETING_VERSION = 1.0;
				PRODUCT_BUNDLE_IDENTIFIER = "WWU.Tailor-Your-TalesUITests";
				PRODUCT_NAME = "$(TARGET_NAME)";
				SWIFT_EMIT_LOC_STRINGS = NO;
				SWIFT_VERSION = 5.0;
				TARGETED_DEVICE_FAMILY = "1,2";
				TEST_TARGET_NAME = "Tailor Your Tales";
			};
			name = Release;
		};
/* End XCBuildConfiguration section */

/* Begin XCConfigurationList section */
		654E48DC2BE04B8900604945 /* Build configuration list for PBXProject "Tailor Your Tales" */ = {
			isa = XCConfigurationList;
			buildConfigurations = (
				654E49032BE04B8C00604945 /* Debug */,
				654E49042BE04B8C00604945 /* Release */,
			);
			defaultConfigurationIsVisible = 0;
			defaultConfigurationName = Release;
		};
		654E49052BE04B8C00604945 /* Build configuration list for PBXNativeTarget "Tailor Your Tales" */ = {
			isa = XCConfigurationList;
			buildConfigurations = (
				654E49062BE04B8C00604945 /* Debug */,
				654E49072BE04B8C00604945 /* Release */,
			);
			defaultConfigurationIsVisible = 0;
			defaultConfigurationName = Release;
		};
		654E49082BE04B8C00604945 /* Build configuration list for PBXNativeTarget "Tailor Your TalesTests" */ = {
			isa = XCConfigurationList;
			buildConfigurations = (
				654E49092BE04B8C00604945 /* Debug */,
				654E490A2BE04B8C00604945 /* Release */,
			);
			defaultConfigurationIsVisible = 0;
			defaultConfigurationName = Release;
		};
		654E490B2BE04B8C00604945 /* Build configuration list for PBXNativeTarget "Tailor Your TalesUITests" */ = {
			isa = XCConfigurationList;
			buildConfigurations = (
				654E490C2BE04B8C00604945 /* Debug */,
				654E490D2BE04B8C00604945 /* Release */,
			);
			defaultConfigurationIsVisible = 0;
			defaultConfigurationName = Release;
		};
/* End XCConfigurationList section */
	};
	rootObject = 654E48D92BE04B8900604945 /* Project object */;
}
